
Microsoft Visual Studio Solution File, Format Version 12.00
# Visual Studio 14
VisualStudioVersion = 14.0.22823.1
MinimumVisualStudioVersion = 10.0.40219.1
Project("{2150E333-8FDC-42A3-9474-1A3956D46DE8}") = "Infrastructure", "Infrastructure", "{28AE6974-134E-43F2-8291-69D442529E19}"
EndProject
Project("{2150E333-8FDC-42A3-9474-1A3956D46DE8}") = "Hosts", "Hosts", "{F0B2D83A-4005-472E-8D36-925E13393088}"
EndProject
Project("{2150E333-8FDC-42A3-9474-1A3956D46DE8}") = "Web", "Web", "{296B2341-AC6D-4CB0-8AED-DE20B2BB9E0B}"
EndProject
Project("{FAE04EC0-301F-11D3-BF4B-00C04F79EFBC}") = "Infrastructure.Configuration", "Infrastructure\Infrastructure.Configuration\Infrastructure.Configuration.csproj", "{B6289076-60F5-423D-BF54-5F90221E1E6B}"
EndProject
Project("{FAE04EC0-301F-11D3-BF4B-00C04F79EFBC}") = "Infrastructure.Configuration.AppSettings", "Infrastructure\Infrastructure.Configuration.AppSettings\Infrastructure.Configuration.AppSettings.csproj", "{1D03EB87-A894-49D4-B7C2-D5267B15AFAB}"
EndProject
Project("{FAE04EC0-301F-11D3-BF4B-00C04F79EFBC}") = "Infrastructure.DependencyResolution", "Infrastructure\Infrastructure.DependencyResolution\Infrastructure.DependencyResolution.csproj", "{BB5C4897-77D7-48EF-B5CA-2E12414EEE3C}"
EndProject
Project("{FAE04EC0-301F-11D3-BF4B-00C04F79EFBC}") = "Infrastructure.WebApiDependencyResolver.StructureMap", "Infrastructure\Infrastructure.WebApiDependencyResolver.StructureMap\Infrastructure.WebApiDependencyResolver.StructureMap.csproj", "{3E0ED18C-24FE-41EF-868A-EBF64896D926}"
EndProject
Project("{FAE04EC0-301F-11D3-BF4B-00C04F79EFBC}") = "Web.Api", "Web\Web.Api\Web.Api.csproj", "{2390F988-60C5-41EE-8F2F-3615CAE036EF}"
EndProject
Project("{FAE04EC0-301F-11D3-BF4B-00C04F79EFBC}") = "Hosts.Api", "Hosts\Hosts.Api\Hosts.Api.csproj", "{2A9BC537-7F6B-4E29-BAB7-89401DCC26A8}"
EndProject
Project("{FAE04EC0-301F-11D3-BF4B-00C04F79EFBC}") = "Hosts.AuthorizationServer", "Hosts\Hosts.AuthorizationServer\Hosts.AuthorizationServer.csproj", "{05BA5654-991C-4C8C-82D8-12DDB3B8B335}"
EndProject
Project("{FAE04EC0-301F-11D3-BF4B-00C04F79EFBC}") = "Web.AuthorizationServer", "Web\Web.AuthorizationServer\Web.AuthorizationServer.csproj", "{B1136179-EA2C-4D14-B6FD-ABECE44D803A}"
EndProject
Project("{FAE04EC0-301F-11D3-BF4B-00C04F79EFBC}") = "Infrastructure.ClientProvider", "Infrastructure\Infrastructure.ClientProvider\Infrastructure.ClientProvider.csproj", "{59779B7A-5E41-4C9C-829E-FDE888028CB6}"
EndProject
Project("{FAE04EC0-301F-11D3-BF4B-00C04F79EFBC}") = "Infrastructure.ClientProvider.AppSettings", "Infrastructure\Infrastructure.ClientProvider.AppSettings\Infrastructure.ClientProvider.AppSettings.csproj", "{233BD950-44B1-4DC3-9ACF-3F7F44E04E8C}"
EndProject
Project("{2150E333-8FDC-42A3-9474-1A3956D46DE8}") = "Clients", "Clients", "{6370A0BC-441B-4CD2-BBB4-61B79D28E1FD}"
EndProject
Project("{FAE04EC0-301F-11D3-BF4B-00C04F79EFBC}") = "ConsoleClient", "Clients\ConsoleClient\ConsoleClient.csproj", "{3426D0DB-AD23-41E3-B98F-D4125A119CAF}"
EndProject
Global
	GlobalSection(SolutionConfigurationPlatforms) = preSolution
		Debug|Any CPU = Debug|Any CPU
		Release|Any CPU = Release|Any CPU
	EndGlobalSection
	GlobalSection(ProjectConfigurationPlatforms) = postSolution
		{B6289076-60F5-423D-BF54-5F90221E1E6B}.Debug|Any CPU.ActiveCfg = Debug|Any CPU
		{B6289076-60F5-423D-BF54-5F90221E1E6B}.Debug|Any CPU.Build.0 = Debug|Any CPU
		{B6289076-60F5-423D-BF54-5F90221E1E6B}.Release|Any CPU.ActiveCfg = Release|Any CPU
		{B6289076-60F5-423D-BF54-5F90221E1E6B}.Release|Any CPU.Build.0 = Release|Any CPU
		{1D03EB87-A894-49D4-B7C2-D5267B15AFAB}.Debug|Any CPU.ActiveCfg = Debug|Any CPU
		{1D03EB87-A894-49D4-B7C2-D5267B15AFAB}.Debug|Any CPU.Build.0 = Debug|Any CPU
		{1D03EB87-A894-49D4-B7C2-D5267B15AFAB}.Release|Any CPU.ActiveCfg = Release|Any CPU
		{1D03EB87-A894-49D4-B7C2-D5267B15AFAB}.Release|Any CPU.Build.0 = Release|Any CPU
		{BB5C4897-77D7-48EF-B5CA-2E12414EEE3C}.Debug|Any CPU.ActiveCfg = Debug|Any CPU
		{BB5C4897-77D7-48EF-B5CA-2E12414EEE3C}.Debug|Any CPU.Build.0 = Debug|Any CPU
		{BB5C4897-77D7-48EF-B5CA-2E12414EEE3C}.Release|Any CPU.ActiveCfg = Release|Any CPU
		{BB5C4897-77D7-48EF-B5CA-2E12414EEE3C}.Release|Any CPU.Build.0 = Release|Any CPU
		{3E0ED18C-24FE-41EF-868A-EBF64896D926}.Debug|Any CPU.ActiveCfg = Debug|Any CPU
		{3E0ED18C-24FE-41EF-868A-EBF64896D926}.Debug|Any CPU.Build.0 = Debug|Any CPU
		{3E0ED18C-24FE-41EF-868A-EBF64896D926}.Release|Any CPU.ActiveCfg = Release|Any CPU
		{3E0ED18C-24FE-41EF-868A-EBF64896D926}.Release|Any CPU.Build.0 = Release|Any CPU
		{2390F988-60C5-41EE-8F2F-3615CAE036EF}.Debug|Any CPU.ActiveCfg = Debug|Any CPU
		{2390F988-60C5-41EE-8F2F-3615CAE036EF}.Debug|Any CPU.Build.0 = Debug|Any CPU
		{2390F988-60C5-41EE-8F2F-3615CAE036EF}.Release|Any CPU.ActiveCfg = Release|Any CPU
		{2390F988-60C5-41EE-8F2F-3615CAE036EF}.Release|Any CPU.Build.0 = Release|Any CPU
		{2A9BC537-7F6B-4E29-BAB7-89401DCC26A8}.Debug|Any CPU.ActiveCfg = Debug|Any CPU
		{2A9BC537-7F6B-4E29-BAB7-89401DCC26A8}.Debug|Any CPU.Build.0 = Debug|Any CPU
		{2A9BC537-7F6B-4E29-BAB7-89401DCC26A8}.Release|Any CPU.ActiveCfg = Release|Any CPU
		{2A9BC537-7F6B-4E29-BAB7-89401DCC26A8}.Release|Any CPU.Build.0 = Release|Any CPU
		{05BA5654-991C-4C8C-82D8-12DDB3B8B335}.Debug|Any CPU.ActiveCfg = Debug|Any CPU
		{05BA5654-991C-4C8C-82D8-12DDB3B8B335}.Debug|Any CPU.Build.0 = Debug|Any CPU
		{05BA5654-991C-4C8C-82D8-12DDB3B8B335}.Release|Any CPU.ActiveCfg = Release|Any CPU
		{05BA5654-991C-4C8C-82D8-12DDB3B8B335}.Release|Any CPU.Build.0 = Release|Any CPU
		{B1136179-EA2C-4D14-B6FD-ABECE44D803A}.Debug|Any CPU.ActiveCfg = Debug|Any CPU
		{B1136179-EA2C-4D14-B6FD-ABECE44D803A}.Debug|Any CPU.Build.0 = Debug|Any CPU
		{B1136179-EA2C-4D14-B6FD-ABECE44D803A}.Release|Any CPU.ActiveCfg = Release|Any CPU
		{B1136179-EA2C-4D14-B6FD-ABECE44D803A}.Release|Any CPU.Build.0 = Release|Any CPU
		{59779B7A-5E41-4C9C-829E-FDE888028CB6}.Debug|Any CPU.ActiveCfg = Debug|Any CPU
		{59779B7A-5E41-4C9C-829E-FDE888028CB6}.Debug|Any CPU.Build.0 = Debug|Any CPU
		{59779B7A-5E41-4C9C-829E-FDE888028CB6}.Release|Any CPU.ActiveCfg = Release|Any CPU
		{59779B7A-5E41-4C9C-829E-FDE888028CB6}.Release|Any CPU.Build.0 = Release|Any CPU
		{233BD950-44B1-4DC3-9ACF-3F7F44E04E8C}.Debug|Any CPU.ActiveCfg = Debug|Any CPU
		{233BD950-44B1-4DC3-9ACF-3F7F44E04E8C}.Debug|Any CPU.Build.0 = Debug|Any CPU
		{233BD950-44B1-4DC3-9ACF-3F7F44E04E8C}.Release|Any CPU.ActiveCfg = Release|Any CPU
		{233BD950-44B1-4DC3-9ACF-3F7F44E04E8C}.Release|Any CPU.Build.0 = Release|Any CPU
		{3426D0DB-AD23-41E3-B98F-D4125A119CAF}.Debug|Any CPU.ActiveCfg = Debug|Any CPU
		{3426D0DB-AD23-41E3-B98F-D4125A119CAF}.Debug|Any CPU.Build.0 = Debug|Any CPU
		{3426D0DB-AD23-41E3-B98F-D4125A119CAF}.Release|Any CPU.ActiveCfg = Release|Any CPU
		{3426D0DB-AD23-41E3-B98F-D4125A119CAF}.Release|Any CPU.Build.0 = Release|Any CPU
	EndGlobalSection
	GlobalSection(SolutionProperties) = preSolution
		HideSolutionNode = FALSE
	EndGlobalSection
	GlobalSection(NestedProjects) = preSolution
		{B6289076-60F5-423D-BF54-5F90221E1E6B} = {28AE6974-134E-43F2-8291-69D442529E19}
		{1D03EB87-A894-49D4-B7C2-D5267B15AFAB} = {28AE6974-134E-43F2-8291-69D442529E19}
		{BB5C4897-77D7-48EF-B5CA-2E12414EEE3C} = {28AE6974-134E-43F2-8291-69D442529E19}
		{3E0ED18C-24FE-41EF-868A-EBF64896D926} = {28AE6974-134E-43F2-8291-69D442529E19}
		{2390F988-60C5-41EE-8F2F-3615CAE036EF} = {296B2341-AC6D-4CB0-8AED-DE20B2BB9E0B}
		{2A9BC537-7F6B-4E29-BAB7-89401DCC26A8} = {F0B2D83A-4005-472E-8D36-925E13393088}
		{05BA5654-991C-4C8C-82D8-12DDB3B8B335} = {F0B2D83A-4005-472E-8D36-925E13393088}
		{B1136179-EA2C-4D14-B6FD-ABECE44D803A} = {296B2341-AC6D-4CB0-8AED-DE20B2BB9E0B}
		{59779B7A-5E41-4C9C-829E-FDE888028CB6} = {28AE6974-134E-43F2-8291-69D442529E19}
		{233BD950-44B1-4DC3-9ACF-3F7F44E04E8C} = {28AE6974-134E-43F2-8291-69D442529E19}
		{3426D0DB-AD23-41E3-B98F-D4125A119CAF} = {6370A0BC-441B-4CD2-BBB4-61B79D28E1FD}
	EndGlobalSection
EndGlobal
